
Microsoft Visual Studio Solution File, Format Version 12.00
# Visual Studio Version 17
VisualStudioVersion = 17.5.002.0
MinimumVisualStudioVersion = 10.0.40219.1
Project("{9A19103F-16F7-4668-BE54-9A1E7A4F7556}") = "MyWebApp", "MyWebApp.csproj", "{2F67E5F9-FEEF-442F-A4FD-EA44A575458E}"
EndProject
Project("{2150E333-8FDC-42A3-9474-1A3956D46DE8}") = ".devcontainer", ".devcontainer", "{827B66F6-3D8F-405F-8309-A520DD68A52E}"
	ProjectSection(SolutionItems) = preProject
		.devcontainer\devcontainer.json = .devcontainer\devcontainer.json
	EndProjectSection
EndProject
Global
	GlobalSection(SolutionConfigurationPlatforms) = preSolution
		Debug|Any CPU = Debug|Any CPU
		Release|Any CPU = Release|Any CPU
	EndGlobalSection
	GlobalSection(ProjectConfigurationPlatforms) = postSolution
		{2F67E5F9-FEEF-442F-A4FD-EA44A575458E}.Debug|Any CPU.ActiveCfg = Debug|Any CPU
		{2F67E5F9-FEEF-442F-A4FD-EA44A575458E}.Debug|Any CPU.Build.0 = Debug|Any CPU
		{2F67E5F9-FEEF-442F-A4FD-EA44A575458E}.Release|Any CPU.ActiveCfg = Release|Any CPU
		{2F67E5F9-FEEF-442F-A4FD-EA44A575458E}.Release|Any CPU.Build.0 = Release|Any CPU
	EndGlobalSection
	GlobalSection(SolutionProperties) = preSolution
		HideSolutionNode = FALSE
	EndGlobalSection
	GlobalSection(ExtensibilityGlobals) = postSolution
		SolutionGuid = {CE933F68-E8F9-4086-88F1-E4699C88C46D}
	EndGlobalSection
EndGlobal
